
Microsoft Visual Studio Solution File, Format Version 12.00
# Visual Studio 15
VisualStudioVersion = 15.0.27413.0
MinimumVisualStudioVersion = 10.0.40219.1
Project("{FAE04EC0-301F-11D3-BF4B-00C04F79EFBC}") = "TripTracker.BackService", "TripTracker.BackService\TripTracker.BackService.csproj", "{D5C3E1BD-FAA0-4C01-A653-2D2E2211214B}"
EndProject
Project("{FAE04EC0-301F-11D3-BF4B-00C04F79EFBC}") = "TripTracker.UI", "TripTracker.UI\TripTracker.UI.csproj", "{8BD88936-8ABA-44E9-A312-8DBDC910CB03}"
EndProject
Project("{E53339B2-1760-4266-BCC7-CA923CBCF16C}") = "docker-compose", "docker-compose.dcproj", "{1AE91BE0-6F92-421F-BE2E-CB9903AA1C51}"
EndProject
Global
	GlobalSection(SolutionConfigurationPlatforms) = preSolution
		Debug|Any CPU = Debug|Any CPU
		Release|Any CPU = Release|Any CPU
	EndGlobalSection
	GlobalSection(ProjectConfigurationPlatforms) = postSolution
		{D5C3E1BD-FAA0-4C01-A653-2D2E2211214B}.Debug|Any CPU.ActiveCfg = Debug|Any CPU
		{D5C3E1BD-FAA0-4C01-A653-2D2E2211214B}.Debug|Any CPU.Build.0 = Debug|Any CPU
		{D5C3E1BD-FAA0-4C01-A653-2D2E2211214B}.Release|Any CPU.ActiveCfg = Release|Any CPU
		{D5C3E1BD-FAA0-4C01-A653-2D2E2211214B}.Release|Any CPU.Build.0 = Release|Any CPU
		{8BD88936-8ABA-44E9-A312-8DBDC910CB03}.Debug|Any CPU.ActiveCfg = Debug|Any CPU
		{8BD88936-8ABA-44E9-A312-8DBDC910CB03}.Debug|Any CPU.Build.0 = Debug|Any CPU
		{8BD88936-8ABA-44E9-A312-8DBDC910CB03}.Release|Any CPU.ActiveCfg = Release|Any CPU
		{8BD88936-8ABA-44E9-A312-8DBDC910CB03}.Release|Any CPU.Build.0 = Release|Any CPU
		{1AE91BE0-6F92-421F-BE2E-CB9903AA1C51}.Debug|Any CPU.ActiveCfg = Debug|Any CPU
		{1AE91BE0-6F92-421F-BE2E-CB9903AA1C51}.Debug|Any CPU.Build.0 = Debug|Any CPU
		{1AE91BE0-6F92-421F-BE2E-CB9903AA1C51}.Release|Any CPU.ActiveCfg = Release|Any CPU
		{1AE91BE0-6F92-421F-BE2E-CB9903AA1C51}.Release|Any CPU.Build.0 = Release|Any CPU
	EndGlobalSection
	GlobalSection(SolutionProperties) = preSolution
		HideSolutionNode = FALSE
	EndGlobalSection
	GlobalSection(ExtensibilityGlobals) = postSolution
		SolutionGuid = {0E12C5F5-80DF-4EC3-BCD6-770CB25B88E9}
	EndGlobalSection
EndGlobal
